// !$*UTF8*$!
{
	archiveVersion = 1;
	classes = {
	};
	objectVersion = 50;
	objects = {

/* Begin PBXBuildFile section */
		32986BD2A9E89196393B584A /* Pods_BookReader.framework in Frameworks */ = {isa = PBXBuildFile; fileRef = 9BC314F97DE227B7CC913817 /* Pods_BookReader.framework */; };
		590A246220DD136200968414 /* RDReadView.swift in Sources */ = {isa = PBXBuildFile; fileRef = 590A246120DD136200968414 /* RDReadView.swift */; };
		590A246420DD14B500968414 /* RDReadParser.swift in Sources */ = {isa = PBXBuildFile; fileRef = 590A246320DD14B500968414 /* RDReadParser.swift */; };
		590A246620DD1FDF00968414 /* RDGlobalProperty.swift in Sources */ = {isa = PBXBuildFile; fileRef = 590A246520DD1FDF00968414 /* RDGlobalProperty.swift */; };
		590A246820DD25BC00968414 /* RDReadConfigure.swift in Sources */ = {isa = PBXBuildFile; fileRef = 590A246720DD25BC00968414 /* RDReadConfigure.swift */; };
		5915F72420F4E6E400F98B40 /* RDCoverController.swift in Sources */ = {isa = PBXBuildFile; fileRef = 5915F72320F4E6E400F98B40 /* RDCoverController.swift */; };
		594A616120DB80290094D3A2 /* String+.swift in Sources */ = {isa = PBXBuildFile; fileRef = 594A616020DB80290094D3A2 /* String+.swift */; };
		594A616420DB82490094D3A2 /* mdjyml.txt in Resources */ = {isa = PBXBuildFile; fileRef = 594A616320DB82490094D3A2 /* mdjyml.txt */; };
		594A616720DB876B0094D3A2 /* RDUtils.swift in Sources */ = {isa = PBXBuildFile; fileRef = 594A616620DB876B0094D3A2 /* RDUtils.swift */; };
		594A616920DB97EC0094D3A2 /* 执宰大明.txt in Resources */ = {isa = PBXBuildFile; fileRef = 594A616820DB97EC0094D3A2 /* 执宰大明.txt */; };
		594A616C20DBB0780094D3A2 /* RDReadViewController.swift in Sources */ = {isa = PBXBuildFile; fileRef = 594A616B20DBB0780094D3A2 /* RDReadViewController.swift */; };
		597096EA20F5D92A00FD0D61 /* UIColor+.swift in Sources */ = {isa = PBXBuildFile; fileRef = 597096E920F5D92A00FD0D61 /* UIColor+.swift */; };
		597392D720E7457E00EE6C81 /* RDRecordModel.swift in Sources */ = {isa = PBXBuildFile; fileRef = 597392D620E7457E00EE6C81 /* RDRecordModel.swift */; };
		5976398D20D9F2430085763A /* AppDelegate.swift in Sources */ = {isa = PBXBuildFile; fileRef = 5976398C20D9F2430085763A /* AppDelegate.swift */; };
		5976398F20D9F2430085763A /* ViewController.swift in Sources */ = {isa = PBXBuildFile; fileRef = 5976398E20D9F2430085763A /* ViewController.swift */; };
		5976399220D9F2430085763A /* Main.storyboard in Resources */ = {isa = PBXBuildFile; fileRef = 5976399020D9F2430085763A /* Main.storyboard */; };
		5976399420D9F2440085763A /* Assets.xcassets in Resources */ = {isa = PBXBuildFile; fileRef = 5976399320D9F2440085763A /* Assets.xcassets */; };
		5976399720D9F2440085763A /* LaunchScreen.storyboard in Resources */ = {isa = PBXBuildFile; fileRef = 5976399520D9F2440085763A /* LaunchScreen.storyboard */; };
		597639A220D9F2440085763A /* BookReaderTests.swift in Sources */ = {isa = PBXBuildFile; fileRef = 597639A120D9F2440085763A /* BookReaderTests.swift */; };
		597639AD20D9F2440085763A /* BookReaderUITests.swift in Sources */ = {isa = PBXBuildFile; fileRef = 597639AC20D9F2440085763A /* BookReaderUITests.swift */; };
		597639BB20D9FE1D0085763A /* Podfile in Resources */ = {isa = PBXBuildFile; fileRef = 597639BA20D9FE1D0085763A /* Podfile */; };
		597639BD20DA2F680085763A /* RDViewController.swift in Sources */ = {isa = PBXBuildFile; fileRef = 597639BC20DA2F680085763A /* RDViewController.swift */; };
		597639C020DA30290085763A /* RDPageViewController.swift in Sources */ = {isa = PBXBuildFile; fileRef = 597639BF20DA30290085763A /* RDPageViewController.swift */; };
		597639C320DA77170085763A /* RDReadModel.swift in Sources */ = {isa = PBXBuildFile; fileRef = 597639C220DA77170085763A /* RDReadModel.swift */; };
		597639C520DA78750085763A /* RDChapterModel.swift in Sources */ = {isa = PBXBuildFile; fileRef = 597639C420DA78750085763A /* RDChapterModel.swift */; };
		597B173920EFA46100166BAB /* RDBackgroundViewController.swift in Sources */ = {isa = PBXBuildFile; fileRef = 597B173820EFA46100166BAB /* RDBackgroundViewController.swift */; };
		59F7BAA620E64D6B0004E254 /* HexColor.swift in Sources */ = {isa = PBXBuildFile; fileRef = 59F7BAA520E64D6B0004E254 /* HexColor.swift */; };
/* End PBXBuildFile section */

/* Begin PBXContainerItemProxy section */
		5976399E20D9F2440085763A /* PBXContainerItemProxy */ = {
			isa = PBXContainerItemProxy;
			containerPortal = 5976398120D9F2430085763A /* Project object */;
			proxyType = 1;
			remoteGlobalIDString = 5976398820D9F2430085763A;
			remoteInfo = BookReader;
		};
		597639A920D9F2440085763A /* PBXContainerItemProxy */ = {
			isa = PBXContainerItemProxy;
			containerPortal = 5976398120D9F2430085763A /* Project object */;
			proxyType = 1;
			remoteGlobalIDString = 5976398820D9F2430085763A;
			remoteInfo = BookReader;
		};
/* End PBXContainerItemProxy section */

/* Begin PBXFileReference section */
		0D5CF16E7BBD3C95FC1EB75B /* Pods-BookReader.release.xcconfig */ = {isa = PBXFileReference; includeInIndex = 1; lastKnownFileType = text.xcconfig; name = "Pods-BookReader.release.xcconfig"; path = "Pods/Target Support Files/Pods-BookReader/Pods-BookReader.release.xcconfig"; sourceTree = "<group>"; };
		590A246120DD136200968414 /* RDReadView.swift */ = {isa = PBXFileReference; lastKnownFileType = sourcecode.swift; path = RDReadView.swift; sourceTree = "<group>"; };
		590A246320DD14B500968414 /* RDReadParser.swift */ = {isa = PBXFileReference; lastKnownFileType = sourcecode.swift; path = RDReadParser.swift; sourceTree = "<group>"; };
		590A246520DD1FDF00968414 /* RDGlobalProperty.swift */ = {isa = PBXFileReference; lastKnownFileType = sourcecode.swift; path = RDGlobalProperty.swift; sourceTree = "<group>"; };
		590A246720DD25BC00968414 /* RDReadConfigure.swift */ = {isa = PBXFileReference; lastKnownFileType = sourcecode.swift; path = RDReadConfigure.swift; sourceTree = "<group>"; };
		5915F72320F4E6E400F98B40 /* RDCoverController.swift */ = {isa = PBXFileReference; lastKnownFileType = sourcecode.swift; path = RDCoverController.swift; sourceTree = "<group>"; };
		594A616020DB80290094D3A2 /* String+.swift */ = {isa = PBXFileReference; lastKnownFileType = sourcecode.swift; path = "String+.swift"; sourceTree = "<group>"; };
		594A616320DB82490094D3A2 /* mdjyml.txt */ = {isa = PBXFileReference; fileEncoding = 4; lastKnownFileType = text; path = mdjyml.txt; sourceTree = "<group>"; };
		594A616620DB876B0094D3A2 /* RDUtils.swift */ = {isa = PBXFileReference; lastKnownFileType = sourcecode.swift; path = RDUtils.swift; sourceTree = "<group>"; };
		594A616820DB97EC0094D3A2 /* 执宰大明.txt */ = {isa = PBXFileReference; fileEncoding = 4; lastKnownFileType = text; path = "执宰大明.txt"; sourceTree = "<group>"; };
		594A616B20DBB0780094D3A2 /* RDReadViewController.swift */ = {isa = PBXFileReference; lastKnownFileType = sourcecode.swift; path = RDReadViewController.swift; sourceTree = "<group>"; };
		597096E920F5D92A00FD0D61 /* UIColor+.swift */ = {isa = PBXFileReference; lastKnownFileType = sourcecode.swift; path = "UIColor+.swift"; sourceTree = "<group>"; };
		597392D620E7457E00EE6C81 /* RDRecordModel.swift */ = {isa = PBXFileReference; lastKnownFileType = sourcecode.swift; path = RDRecordModel.swift; sourceTree = "<group>"; };
		5976398920D9F2430085763A /* BookReader.app */ = {isa = PBXFileReference; explicitFileType = wrapper.application; includeInIndex = 0; path = BookReader.app; sourceTree = BUILT_PRODUCTS_DIR; };
		5976398C20D9F2430085763A /* AppDelegate.swift */ = {isa = PBXFileReference; lastKnownFileType = sourcecode.swift; path = AppDelegate.swift; sourceTree = "<group>"; };
		5976398E20D9F2430085763A /* ViewController.swift */ = {isa = PBXFileReference; lastKnownFileType = sourcecode.swift; path = ViewController.swift; sourceTree = "<group>"; };
		5976399120D9F2430085763A /* Base */ = {isa = PBXFileReference; lastKnownFileType = file.storyboard; name = Base; path = Base.lproj/Main.storyboard; sourceTree = "<group>"; };
		5976399320D9F2440085763A /* Assets.xcassets */ = {isa = PBXFileReference; lastKnownFileType = folder.assetcatalog; path = Assets.xcassets; sourceTree = "<group>"; };
		5976399620D9F2440085763A /* Base */ = {isa = PBXFileReference; lastKnownFileType = file.storyboard; name = Base; path = Base.lproj/LaunchScreen.storyboard; sourceTree = "<group>"; };
		5976399820D9F2440085763A /* Info.plist */ = {isa = PBXFileReference; lastKnownFileType = text.plist.xml; path = Info.plist; sourceTree = "<group>"; };
		5976399D20D9F2440085763A /* BookReaderTests.xctest */ = {isa = PBXFileReference; explicitFileType = wrapper.cfbundle; includeInIndex = 0; path = BookReaderTests.xctest; sourceTree = BUILT_PRODUCTS_DIR; };
		597639A120D9F2440085763A /* BookReaderTests.swift */ = {isa = PBXFileReference; lastKnownFileType = sourcecode.swift; path = BookReaderTests.swift; sourceTree = "<group>"; };
		597639A320D9F2440085763A /* Info.plist */ = {isa = PBXFileReference; lastKnownFileType = text.plist.xml; path = Info.plist; sourceTree = "<group>"; };
		597639A820D9F2440085763A /* BookReaderUITests.xctest */ = {isa = PBXFileReference; explicitFileType = wrapper.cfbundle; includeInIndex = 0; path = BookReaderUITests.xctest; sourceTree = BUILT_PRODUCTS_DIR; };
		597639AC20D9F2440085763A /* BookReaderUITests.swift */ = {isa = PBXFileReference; lastKnownFileType = sourcecode.swift; path = BookReaderUITests.swift; sourceTree = "<group>"; };
		597639AE20D9F2440085763A /* Info.plist */ = {isa = PBXFileReference; lastKnownFileType = text.plist.xml; path = Info.plist; sourceTree = "<group>"; };
		597639BA20D9FE1D0085763A /* Podfile */ = {isa = PBXFileReference; fileEncoding = 4; lastKnownFileType = text; path = Podfile; sourceTree = "<group>"; xcLanguageSpecificationIdentifier = xcode.lang.ruby; };
		597639BC20DA2F680085763A /* RDViewController.swift */ = {isa = PBXFileReference; lastKnownFileType = sourcecode.swift; path = RDViewController.swift; sourceTree = "<group>"; };
		597639BF20DA30290085763A /* RDPageViewController.swift */ = {isa = PBXFileReference; lastKnownFileType = sourcecode.swift; path = RDPageViewController.swift; sourceTree = "<group>"; };
		597639C220DA77170085763A /* RDReadModel.swift */ = {isa = PBXFileReference; lastKnownFileType = sourcecode.swift; path = RDReadModel.swift; sourceTree = "<group>"; };
		597639C420DA78750085763A /* RDChapterModel.swift */ = {isa = PBXFileReference; lastKnownFileType = sourcecode.swift; path = RDChapterModel.swift; sourceTree = "<group>"; };
		597B173820EFA46100166BAB /* RDBackgroundViewController.swift */ = {isa = PBXFileReference; lastKnownFileType = sourcecode.swift; path = RDBackgroundViewController.swift; sourceTree = "<group>"; };
		59F7BAA520E64D6B0004E254 /* HexColor.swift */ = {isa = PBXFileReference; fileEncoding = 4; lastKnownFileType = sourcecode.swift; path = HexColor.swift; sourceTree = "<group>"; };
		619648312EA2E928A41EC2FD /* Pods-BookReader.debug.xcconfig */ = {isa = PBXFileReference; includeInIndex = 1; lastKnownFileType = text.xcconfig; name = "Pods-BookReader.debug.xcconfig"; path = "Pods/Target Support Files/Pods-BookReader/Pods-BookReader.debug.xcconfig"; sourceTree = "<group>"; };
		9BC314F97DE227B7CC913817 /* Pods_BookReader.framework */ = {isa = PBXFileReference; explicitFileType = wrapper.framework; includeInIndex = 0; path = Pods_BookReader.framework; sourceTree = BUILT_PRODUCTS_DIR; };
/* End PBXFileReference section */

/* Begin PBXFrameworksBuildPhase section */
		5976398620D9F2430085763A /* Frameworks */ = {
			isa = PBXFrameworksBuildPhase;
			buildActionMask = 2147483647;
			files = (
				32986BD2A9E89196393B584A /* Pods_BookReader.framework in Frameworks */,
			);
			runOnlyForDeploymentPostprocessing = 0;
		};
		5976399A20D9F2440085763A /* Frameworks */ = {
			isa = PBXFrameworksBuildPhase;
			buildActionMask = 2147483647;
			files = (
			);
			runOnlyForDeploymentPostprocessing = 0;
		};
		597639A520D9F2440085763A /* Frameworks */ = {
			isa = PBXFrameworksBuildPhase;
			buildActionMask = 2147483647;
			files = (
			);
			runOnlyForDeploymentPostprocessing = 0;
		};
/* End PBXFrameworksBuildPhase section */

/* Begin PBXGroup section */
		590A246020DD134B00968414 /* View */ = {
			isa = PBXGroup;
			children = (
				590A246120DD136200968414 /* RDReadView.swift */,
			);
			path = View;
			sourceTree = "<group>";
		};
		594A615F20DB80130094D3A2 /* Extensions */ = {
			isa = PBXGroup;
			children = (
				59F7BAA520E64D6B0004E254 /* HexColor.swift */,
				594A616020DB80290094D3A2 /* String+.swift */,
				597096E920F5D92A00FD0D61 /* UIColor+.swift */,
			);
			path = Extensions;
			sourceTree = "<group>";
		};
		594A616220DB82340094D3A2 /* Resource */ = {
			isa = PBXGroup;
			children = (
				594A616820DB97EC0094D3A2 /* 执宰大明.txt */,
				594A616320DB82490094D3A2 /* mdjyml.txt */,
			);
			path = Resource;
			sourceTree = "<group>";
		};
		594A616520DB875B0094D3A2 /* Utils */ = {
			isa = PBXGroup;
			children = (
				594A616620DB876B0094D3A2 /* RDUtils.swift */,
				590A246320DD14B500968414 /* RDReadParser.swift */,
				590A246520DD1FDF00968414 /* RDGlobalProperty.swift */,
				590A246720DD25BC00968414 /* RDReadConfigure.swift */,
			);
			path = Utils;
			sourceTree = "<group>";
		};
		594A616A20DBB0020094D3A2 /* Controller */ = {
			isa = PBXGroup;
			children = (
				594A616B20DBB0780094D3A2 /* RDReadViewController.swift */,
				597B173820EFA46100166BAB /* RDBackgroundViewController.swift */,
				5915F72320F4E6E400F98B40 /* RDCoverController.swift */,
			);
			path = Controller;
			sourceTree = "<group>";
		};
		5976398020D9F2430085763A = {
			isa = PBXGroup;
			children = (
				594A616220DB82340094D3A2 /* Resource */,
				597639BA20D9FE1D0085763A /* Podfile */,
				5976398B20D9F2430085763A /* BookReader */,
				597639A020D9F2440085763A /* BookReaderTests */,
				597639AB20D9F2440085763A /* BookReaderUITests */,
				5976398A20D9F2430085763A /* Products */,
				9E1BF777D830729A36B51EF4 /* Pods */,
				8279A3C52F4F7A61C436E337 /* Frameworks */,
			);
			sourceTree = "<group>";
		};
		5976398A20D9F2430085763A /* Products */ = {
			isa = PBXGroup;
			children = (
				5976398920D9F2430085763A /* BookReader.app */,
				5976399D20D9F2440085763A /* BookReaderTests.xctest */,
				597639A820D9F2440085763A /* BookReaderUITests.xctest */,
			);
			name = Products;
			sourceTree = "<group>";
		};
		5976398B20D9F2430085763A /* BookReader */ = {
			isa = PBXGroup;
			children = (
				590A246020DD134B00968414 /* View */,
				594A616A20DBB0020094D3A2 /* Controller */,
				594A616520DB875B0094D3A2 /* Utils */,
				594A615F20DB80130094D3A2 /* Extensions */,
				597639C120DA77030085763A /* Model */,
				597639BE20DA2FEE0085763A /* PageViewController */,
				5976398C20D9F2430085763A /* AppDelegate.swift */,
				5976398E20D9F2430085763A /* ViewController.swift */,
				5976399020D9F2430085763A /* Main.storyboard */,
				5976399320D9F2440085763A /* Assets.xcassets */,
				5976399520D9F2440085763A /* LaunchScreen.storyboard */,
				5976399820D9F2440085763A /* Info.plist */,
				597639BC20DA2F680085763A /* RDViewController.swift */,
			);
			path = BookReader;
			sourceTree = "<group>";
		};
		597639A020D9F2440085763A /* BookReaderTests */ = {
			isa = PBXGroup;
			children = (
				597639A120D9F2440085763A /* BookReaderTests.swift */,
				597639A320D9F2440085763A /* Info.plist */,
			);
			path = BookReaderTests;
			sourceTree = "<group>";
		};
		597639AB20D9F2440085763A /* BookReaderUITests */ = {
			isa = PBXGroup;
			children = (
				597639AC20D9F2440085763A /* BookReaderUITests.swift */,
				597639AE20D9F2440085763A /* Info.plist */,
			);
			path = BookReaderUITests;
			sourceTree = "<group>";
		};
		597639BE20DA2FEE0085763A /* PageViewController */ = {
			isa = PBXGroup;
			children = (
				597639BF20DA30290085763A /* RDPageViewController.swift */,
			);
			path = PageViewController;
			sourceTree = "<group>";
		};
		597639C120DA77030085763A /* Model */ = {
			isa = PBXGroup;
			children = (
				597639C220DA77170085763A /* RDReadModel.swift */,
				597639C420DA78750085763A /* RDChapterModel.swift */,
				597392D620E7457E00EE6C81 /* RDRecordModel.swift */,
			);
			path = Model;
			sourceTree = "<group>";
		};
		8279A3C52F4F7A61C436E337 /* Frameworks */ = {
			isa = PBXGroup;
			children = (
				9BC314F97DE227B7CC913817 /* Pods_BookReader.framework */,
			);
			name = Frameworks;
			sourceTree = "<group>";
		};
		9E1BF777D830729A36B51EF4 /* Pods */ = {
			isa = PBXGroup;
			children = (
				619648312EA2E928A41EC2FD /* Pods-BookReader.debug.xcconfig */,
				0D5CF16E7BBD3C95FC1EB75B /* Pods-BookReader.release.xcconfig */,
			);
			name = Pods;
			sourceTree = "<group>";
		};
/* End PBXGroup section */

/* Begin PBXNativeTarget section */
		5976398820D9F2430085763A /* BookReader */ = {
			isa = PBXNativeTarget;
			buildConfigurationList = 597639B120D9F2440085763A /* Build configuration list for PBXNativeTarget "BookReader" */;
			buildPhases = (
				ABA78D1B2B8AD945E8BE2895 /* [CP] Check Pods Manifest.lock */,
				5976398520D9F2430085763A /* Sources */,
				5976398620D9F2430085763A /* Frameworks */,
				5976398720D9F2430085763A /* Resources */,
				E73CAF42FBBB94088F8D21E0 /* [CP] Embed Pods Frameworks */,
				FB4F4DBC811094FD2AA7ADD2 /* [CP] Copy Pods Resources */,
			);
			buildRules = (
			);
			dependencies = (
			);
			name = BookReader;
			productName = BookReader;
			productReference = 5976398920D9F2430085763A /* BookReader.app */;
			productType = "com.apple.product-type.application";
		};
		5976399C20D9F2440085763A /* BookReaderTests */ = {
			isa = PBXNativeTarget;
			buildConfigurationList = 597639B420D9F2440085763A /* Build configuration list for PBXNativeTarget "BookReaderTests" */;
			buildPhases = (
				5976399920D9F2440085763A /* Sources */,
				5976399A20D9F2440085763A /* Frameworks */,
				5976399B20D9F2440085763A /* Resources */,
			);
			buildRules = (
			);
			dependencies = (
				5976399F20D9F2440085763A /* PBXTargetDependency */,
			);
			name = BookReaderTests;
			productName = BookReaderTests;
			productReference = 5976399D20D9F2440085763A /* BookReaderTests.xctest */;
			productType = "com.apple.product-type.bundle.unit-test";
		};
		597639A720D9F2440085763A /* BookReaderUITests */ = {
			isa = PBXNativeTarget;
			buildConfigurationList = 597639B720D9F2440085763A /* Build configuration list for PBXNativeTarget "BookReaderUITests" */;
			buildPhases = (
				597639A420D9F2440085763A /* Sources */,
				597639A520D9F2440085763A /* Frameworks */,
				597639A620D9F2440085763A /* Resources */,
			);
			buildRules = (
			);
			dependencies = (
				597639AA20D9F2440085763A /* PBXTargetDependency */,
			);
			name = BookReaderUITests;
			productName = BookReaderUITests;
			productReference = 597639A820D9F2440085763A /* BookReaderUITests.xctest */;
			productType = "com.apple.product-type.bundle.ui-testing";
		};
/* End PBXNativeTarget section */

/* Begin PBXProject section */
		5976398120D9F2430085763A /* Project object */ = {
			isa = PBXProject;
			attributes = {
				LastSwiftUpdateCheck = 0940;
				LastUpgradeCheck = 0940;
				ORGANIZATIONNAME = linchl;
				TargetAttributes = {
					5976398820D9F2430085763A = {
						CreatedOnToolsVersion = 9.4.1;
					};
					5976399C20D9F2440085763A = {
						CreatedOnToolsVersion = 9.4.1;
						TestTargetID = 5976398820D9F2430085763A;
					};
					597639A720D9F2440085763A = {
						CreatedOnToolsVersion = 9.4.1;
						TestTargetID = 5976398820D9F2430085763A;
					};
				};
			};
			buildConfigurationList = 5976398420D9F2430085763A /* Build configuration list for PBXProject "BookReader" */;
			compatibilityVersion = "Xcode 9.3";
			developmentRegion = en;
			hasScannedForEncodings = 0;
			knownRegions = (
				en,
				Base,
			);
			mainGroup = 5976398020D9F2430085763A;
			productRefGroup = 5976398A20D9F2430085763A /* Products */;
			projectDirPath = "";
			projectRoot = "";
			targets = (
				5976398820D9F2430085763A /* BookReader */,
				5976399C20D9F2440085763A /* BookReaderTests */,
				597639A720D9F2440085763A /* BookReaderUITests */,
			);
		};
/* End PBXProject section */

/* Begin PBXResourcesBuildPhase section */
		5976398720D9F2430085763A /* Resources */ = {
			isa = PBXResourcesBuildPhase;
			buildActionMask = 2147483647;
			files = (
				5976399720D9F2440085763A /* LaunchScreen.storyboard in Resources */,
				5976399420D9F2440085763A /* Assets.xcassets in Resources */,
				594A616920DB97EC0094D3A2 /* 执宰大明.txt in Resources */,
				594A616420DB82490094D3A2 /* mdjyml.txt in Resources */,
				597639BB20D9FE1D0085763A /* Podfile in Resources */,
				5976399220D9F2430085763A /* Main.storyboard in Resources */,
			);
			runOnlyForDeploymentPostprocessing = 0;
		};
		5976399B20D9F2440085763A /* Resources */ = {
			isa = PBXResourcesBuildPhase;
			buildActionMask = 2147483647;
			files = (
			);
			runOnlyForDeploymentPostprocessing = 0;
		};
		597639A620D9F2440085763A /* Resources */ = {
			isa = PBXResourcesBuildPhase;
			buildActionMask = 2147483647;
			files = (
			);
			runOnlyForDeploymentPostprocessing = 0;
		};
/* End PBXResourcesBuildPhase section */

/* Begin PBXShellScriptBuildPhase section */
		ABA78D1B2B8AD945E8BE2895 /* [CP] Check Pods Manifest.lock */ = {
			isa = PBXShellScriptBuildPhase;
			buildActionMask = 2147483647;
			files = (
			);
			inputPaths = (
				"${PODS_PODFILE_DIR_PATH}/Podfile.lock",
				"${PODS_ROOT}/Manifest.lock",
			);
			name = "[CP] Check Pods Manifest.lock";
			outputPaths = (
				"$(DERIVED_FILE_DIR)/Pods-BookReader-checkManifestLockResult.txt",
			);
			runOnlyForDeploymentPostprocessing = 0;
			shellPath = /bin/sh;
			shellScript = "diff \"${PODS_PODFILE_DIR_PATH}/Podfile.lock\" \"${PODS_ROOT}/Manifest.lock\" > /dev/null\nif [ $? != 0 ] ; then\n    # print error to STDERR\n    echo \"error: The sandbox is not in sync with the Podfile.lock. Run 'pod install' or update your CocoaPods installation.\" >&2\n    exit 1\nfi\n# This output is used by Xcode 'outputs' to avoid re-running this script phase.\necho \"SUCCESS\" > \"${SCRIPT_OUTPUT_FILE_0}\"\n";
			showEnvVarsInLog = 0;
		};
		E73CAF42FBBB94088F8D21E0 /* [CP] Embed Pods Frameworks */ = {
			isa = PBXShellScriptBuildPhase;
			buildActionMask = 2147483647;
			files = (
			);
			inputPaths = (
				"${SRCROOT}/Pods/Target Support Files/Pods-BookReader/Pods-BookReader-frameworks.sh",
				"${BUILT_PRODUCTS_DIR}/SnapKit/SnapKit.framework",
			);
			name = "[CP] Embed Pods Frameworks";
			outputPaths = (
				"${TARGET_BUILD_DIR}/${FRAMEWORKS_FOLDER_PATH}/SnapKit.framework",
			);
			runOnlyForDeploymentPostprocessing = 0;
			shellPath = /bin/sh;
			shellScript = "\"${SRCROOT}/Pods/Target Support Files/Pods-BookReader/Pods-BookReader-frameworks.sh\"\n";
			showEnvVarsInLog = 0;
		};
		FB4F4DBC811094FD2AA7ADD2 /* [CP] Copy Pods Resources */ = {
			isa = PBXShellScriptBuildPhase;
			buildActionMask = 2147483647;
			files = (
			);
			inputPaths = (
			);
			name = "[CP] Copy Pods Resources";
			outputPaths = (
			);
			runOnlyForDeploymentPostprocessing = 0;
			shellPath = /bin/sh;
			shellScript = "\"${SRCROOT}/Pods/Target Support Files/Pods-BookReader/Pods-BookReader-resources.sh\"\n";
			showEnvVarsInLog = 0;
		};
/* End PBXShellScriptBuildPhase section */

/* Begin PBXSourcesBuildPhase section */
		5976398520D9F2430085763A /* Sources */ = {
			isa = PBXSourcesBuildPhase;
			buildActionMask = 2147483647;
			files = (
				597B173920EFA46100166BAB /* RDBackgroundViewController.swift in Sources */,
				597639BD20DA2F680085763A /* RDViewController.swift in Sources */,
				5976398F20D9F2430085763A /* ViewController.swift in Sources */,
				590A246820DD25BC00968414 /* RDReadConfigure.swift in Sources */,
				590A246220DD136200968414 /* RDReadView.swift in Sources */,
				5976398D20D9F2430085763A /* AppDelegate.swift in Sources */,
				597639C020DA30290085763A /* RDPageViewController.swift in Sources */,
				597392D720E7457E00EE6C81 /* RDRecordModel.swift in Sources */,
				5915F72420F4E6E400F98B40 /* RDCoverController.swift in Sources */,
				590A246620DD1FDF00968414 /* RDGlobalProperty.swift in Sources */,
				59F7BAA620E64D6B0004E254 /* HexColor.swift in Sources */,
				597639C320DA77170085763A /* RDReadModel.swift in Sources */,
				594A616120DB80290094D3A2 /* String+.swift in Sources */,
				597639C520DA78750085763A /* RDChapterModel.swift in Sources */,
				594A616720DB876B0094D3A2 /* RDUtils.swift in Sources */,
				594A616C20DBB0780094D3A2 /* RDReadViewController.swift in Sources */,
				590A246420DD14B500968414 /* RDReadParser.swift in Sources */,
				597096EA20F5D92A00FD0D61 /* UIColor+.swift in Sources */,
			);
			runOnlyForDeploymentPostprocessing = 0;
		};
		5976399920D9F2440085763A /* Sources */ = {
			isa = PBXSourcesBuildPhase;
			buildActionMask = 2147483647;
			files = (
				597639A220D9F2440085763A /* BookReaderTests.swift in Sources */,
			);
			runOnlyForDeploymentPostprocessing = 0;
		};
		597639A420D9F2440085763A /* Sources */ = {
			isa = PBXSourcesBuildPhase;
			buildActionMask = 2147483647;
			files = (
				597639AD20D9F2440085763A /* BookReaderUITests.swift in Sources */,
			);
			runOnlyForDeploymentPostprocessing = 0;
		};
/* End PBXSourcesBuildPhase section */

/* Begin PBXTargetDependency section */
		5976399F20D9F2440085763A /* PBXTargetDependency */ = {
			isa = PBXTargetDependency;
			target = 5976398820D9F2430085763A /* BookReader */;
			targetProxy = 5976399E20D9F2440085763A /* PBXContainerItemProxy */;
		};
		597639AA20D9F2440085763A /* PBXTargetDependency */ = {
			isa = PBXTargetDependency;
			target = 5976398820D9F2430085763A /* BookReader */;
			targetProxy = 597639A920D9F2440085763A /* PBXContainerItemProxy */;
		};
/* End PBXTargetDependency section */

/* Begin PBXVariantGroup section */
		5976399020D9F2430085763A /* Main.storyboard */ = {
			isa = PBXVariantGroup;
			children = (
				5976399120D9F2430085763A /* Base */,
			);
			name = Main.storyboard;
			sourceTree = "<group>";
		};
		5976399520D9F2440085763A /* LaunchScreen.storyboard */ = {
			isa = PBXVariantGroup;
			children = (
				5976399620D9F2440085763A /* Base */,
			);
			name = LaunchScreen.storyboard;
			sourceTree = "<group>";
		};
/* End PBXVariantGroup section */

/* Begin XCBuildConfiguration section */
		597639AF20D9F2440085763A /* Debug */ = {
			isa = XCBuildConfiguration;
			buildSettings = {
				ALWAYS_SEARCH_USER_PATHS = NO;
				CLANG_ANALYZER_NONNULL = YES;
				CLANG_ANALYZER_NUMBER_OBJECT_CONVERSION = YES_AGGRESSIVE;
				CLANG_CXX_LANGUAGE_STANDARD = "gnu++14";
				CLANG_CXX_LIBRARY = "libc++";
				CLANG_ENABLE_MODULES = YES;
				CLANG_ENABLE_OBJC_ARC = YES;
				CLANG_ENABLE_OBJC_WEAK = YES;
				CLANG_WARN_BLOCK_CAPTURE_AUTORELEASING = YES;
				CLANG_WARN_BOOL_CONVERSION = YES;
				CLANG_WARN_COMMA = YES;
				CLANG_WARN_CONSTANT_CONVERSION = YES;
				CLANG_WARN_DEPRECATED_OBJC_IMPLEMENTATIONS = YES;
				CLANG_WARN_DIRECT_OBJC_ISA_USAGE = YES_ERROR;
				CLANG_WARN_DOCUMENTATION_COMMENTS = YES;
				CLANG_WARN_EMPTY_BODY = YES;
				CLANG_WARN_ENUM_CONVERSION = YES;
				CLANG_WARN_INFINITE_RECURSION = YES;
				CLANG_WARN_INT_CONVERSION = YES;
				CLANG_WARN_NON_LITERAL_NULL_CONVERSION = YES;
				CLANG_WARN_OBJC_IMPLICIT_RETAIN_SELF = YES;
				CLANG_WARN_OBJC_LITERAL_CONVERSION = YES;
				CLANG_WARN_OBJC_ROOT_CLASS = YES_ERROR;
				CLANG_WARN_RANGE_LOOP_ANALYSIS = YES;
				CLANG_WARN_STRICT_PROTOTYPES = YES;
				CLANG_WARN_SUSPICIOUS_MOVE = YES;
				CLANG_WARN_UNGUARDED_AVAILABILITY = YES_AGGRESSIVE;
				CLANG_WARN_UNREACHABLE_CODE = YES;
				CLANG_WARN__DUPLICATE_METHOD_MATCH = YES;
				CODE_SIGN_IDENTITY = "iPhone Developer";
				COPY_PHASE_STRIP = NO;
				DEBUG_INFORMATION_FORMAT = dwarf;
				ENABLE_STRICT_OBJC_MSGSEND = YES;
				ENABLE_TESTABILITY = YES;
				GCC_C_LANGUAGE_STANDARD = gnu11;
				GCC_DYNAMIC_NO_PIC = NO;
				GCC_NO_COMMON_BLOCKS = YES;
				GCC_OPTIMIZATION_LEVEL = 0;
				GCC_PREPROCESSOR_DEFINITIONS = (
					"DEBUG=1",
					"$(inherited)",
				);
				GCC_WARN_64_TO_32_BIT_CONVERSION = YES;
				GCC_WARN_ABOUT_RETURN_TYPE = YES_ERROR;
				GCC_WARN_UNDECLARED_SELECTOR = YES;
				GCC_WARN_UNINITIALIZED_AUTOS = YES_AGGRESSIVE;
				GCC_WARN_UNUSED_FUNCTION = YES;
				GCC_WARN_UNUSED_VARIABLE = YES;
				IPHONEOS_DEPLOYMENT_TARGET = 11.4;
				MTL_ENABLE_DEBUG_INFO = YES;
				ONLY_ACTIVE_ARCH = YES;
				SDKROOT = iphoneos;
				SWIFT_ACTIVE_COMPILATION_CONDITIONS = DEBUG;
				SWIFT_OPTIMIZATION_LEVEL = "-Onone";
			};
			name = Debug;
		};
		597639B020D9F2440085763A /* Release */ = {
			isa = XCBuildConfiguration;
			buildSettings = {
				ALWAYS_SEARCH_USER_PATHS = NO;
				CLANG_ANALYZER_NONNULL = YES;
				CLANG_ANALYZER_NUMBER_OBJECT_CONVERSION = YES_AGGRESSIVE;
				CLANG_CXX_LANGUAGE_STANDARD = "gnu++14";
				CLANG_CXX_LIBRARY = "libc++";
				CLANG_ENABLE_MODULES = YES;
				CLANG_ENABLE_OBJC_ARC = YES;
				CLANG_ENABLE_OBJC_WEAK = YES;
				CLANG_WARN_BLOCK_CAPTURE_AUTORELEASING = YES;
				CLANG_WARN_BOOL_CONVERSION = YES;
				CLANG_WARN_COMMA = YES;
				CLANG_WARN_CONSTANT_CONVERSION = YES;
				CLANG_WARN_DEPRECATED_OBJC_IMPLEMENTATIONS = YES;
				CLANG_WARN_DIRECT_OBJC_ISA_USAGE = YES_ERROR;
				CLANG_WARN_DOCUMENTATION_COMMENTS = YES;
				CLANG_WARN_EMPTY_BODY = YES;
				CLANG_WARN_ENUM_CONVERSION = YES;
				CLANG_WARN_INFINITE_RECURSION = YES;
				CLANG_WARN_INT_CONVERSION = YES;
				CLANG_WARN_NON_LITERAL_NULL_CONVERSION = YES;
				CLANG_WARN_OBJC_IMPLICIT_RETAIN_SELF = YES;
				CLANG_WARN_OBJC_LITERAL_CONVERSION = YES;
				CLANG_WARN_OBJC_ROOT_CLASS = YES_ERROR;
				CLANG_WARN_RANGE_LOOP_ANALYSIS = YES;
				CLANG_WARN_STRICT_PROTOTYPES = YES;
				CLANG_WARN_SUSPICIOUS_MOVE = YES;
				CLANG_WARN_UNGUARDED_AVAILABILITY = YES_AGGRESSIVE;
				CLANG_WARN_UNREACHABLE_CODE = YES;
				CLANG_WARN__DUPLICATE_METHOD_MATCH = YES;
				CODE_SIGN_IDENTITY = "iPhone Developer";
				COPY_PHASE_STRIP = NO;
				DEBUG_INFORMATION_FORMAT = "dwarf-with-dsym";
				ENABLE_NS_ASSERTIONS = NO;
				ENABLE_STRICT_OBJC_MSGSEND = YES;
				GCC_C_LANGUAGE_STANDARD = gnu11;
				GCC_NO_COMMON_BLOCKS = YES;
				GCC_WARN_64_TO_32_BIT_CONVERSION = YES;
				GCC_WARN_ABOUT_RETURN_TYPE = YES_ERROR;
				GCC_WARN_UNDECLARED_SELECTOR = YES;
				GCC_WARN_UNINITIALIZED_AUTOS = YES_AGGRESSIVE;
				GCC_WARN_UNUSED_FUNCTION = YES;
				GCC_WARN_UNUSED_VARIABLE = YES;
				IPHONEOS_DEPLOYMENT_TARGET = 11.4;
				MTL_ENABLE_DEBUG_INFO = NO;
				SDKROOT = iphoneos;
				SWIFT_COMPILATION_MODE = wholemodule;
				SWIFT_OPTIMIZATION_LEVEL = "-O";
				VALIDATE_PRODUCT = YES;
			};
			name = Release;
		};
		597639B220D9F2440085763A /* Debug */ = {
			isa = XCBuildConfiguration;
			baseConfigurationReference = 619648312EA2E928A41EC2FD /* Pods-BookReader.debug.xcconfig */;
			buildSettings = {
				ASSETCATALOG_COMPILER_APPICON_NAME = AppIcon;
				CODE_SIGN_STYLE = Automatic;
				DEVELOPMENT_TEAM = QG43YNMK93;
				INFOPLIST_FILE = BookReader/Info.plist;
				LD_RUNPATH_SEARCH_PATHS = (
					"$(inherited)",
					"@executable_path/Frameworks",
				);
				PRODUCT_BUNDLE_IDENTIFIER = com.lincl.BookReader;
				PRODUCT_NAME = "$(TARGET_NAME)";
				SWIFT_VERSION = 4.0;
				TARGETED_DEVICE_FAMILY = "1,2";
			};
			name = Debug;
		};
		597639B320D9F2440085763A /* Release */ = {
			isa = XCBuildConfiguration;
			baseConfigurationReference = 0D5CF16E7BBD3C95FC1EB75B /* Pods-BookReader.release.xcconfig */;
			buildSettings = {
				ASSETCATALOG_COMPILER_APPICON_NAME = AppIcon;
				CODE_SIGN_STYLE = Automatic;
				DEVELOPMENT_TEAM = QG43YNMK93;
				INFOPLIST_FILE = BookReader/Info.plist;
				LD_RUNPATH_SEARCH_PATHS = (
					"$(inherited)",
					"@executable_path/Frameworks",
				);
				PRODUCT_BUNDLE_IDENTIFIER = com.lincl.BookReader;
				PRODUCT_NAME = "$(TARGET_NAME)";
				SWIFT_VERSION = 4.0;
				TARGETED_DEVICE_FAMILY = "1,2";
			};
			name = Release;
		};
		597639B520D9F2440085763A /* Debug */ = {
			isa = XCBuildConfiguration;
			buildSettings = {
				ALWAYS_EMBED_SWIFT_STANDARD_LIBRARIES = YES;
				BUNDLE_LOADER = "$(TEST_HOST)";
				CODE_SIGN_STYLE = Automatic;
				INFOPLIST_FILE = BookReaderTests/Info.plist;
				LD_RUNPATH_SEARCH_PATHS = (
					"$(inherited)",
					"@executable_path/Frameworks",
					"@loader_path/Frameworks",
				);
				PRODUCT_BUNDLE_IDENTIFIER = com.lincl.BookReaderTests;
				PRODUCT_NAME = "$(TARGET_NAME)";
				SWIFT_VERSION = 4.0;
				TARGETED_DEVICE_FAMILY = "1,2";
				TEST_HOST = "$(BUILT_PRODUCTS_DIR)/BookReader.app/BookReader";
			};
			name = Debug;
		};
		597639B620D9F2440085763A /* Release */ = {
			isa = XCBuildConfiguration;
			buildSettings = {
				ALWAYS_EMBED_SWIFT_STANDARD_LIBRARIES = YES;
				BUNDLE_LOADER = "$(TEST_HOST)";
				CODE_SIGN_STYLE = Automatic;
				INFOPLIST_FILE = BookReaderTests/Info.plist;
				LD_RUNPATH_SEARCH_PATHS = (
					"$(inherited)",
					"@executable_path/Frameworks",
					"@loader_path/Frameworks",
				);
				PRODUCT_BUNDLE_IDENTIFIER = com.lincl.BookReaderTests;
				PRODUCT_NAME = "$(TARGET_NAME)";
				SWIFT_VERSION = 4.0;
				TARGETED_DEVICE_FAMILY = "1,2";
				TEST_HOST = "$(BUILT_PRODUCTS_DIR)/BookReader.app/BookReader";
			};
			name = Release;
		};
		597639B820D9F2440085763A /* Debug */ = {
			isa = XCBuildConfiguration;
			buildSettings = {
				ALWAYS_EMBED_SWIFT_STANDARD_LIBRARIES = YES;
				CODE_SIGN_STYLE = Automatic;
				INFOPLIST_FILE = BookReaderUITests/Info.plist;
				LD_RUNPATH_SEARCH_PATHS = (
					"$(inherited)",
					"@executable_path/Frameworks",
					"@loader_path/Frameworks",
				);
				PRODUCT_BUNDLE_IDENTIFIER = com.lincl.BookReaderUITests;
				PRODUCT_NAME = "$(TARGET_NAME)";
				SWIFT_VERSION = 4.0;
				TARGETED_DEVICE_FAMILY = "1,2";
				TEST_TARGET_NAME = BookReader;
			};
			name = Debug;
		};
		597639B920D9F2440085763A /* Release */ = {
			isa = XCBuildConfiguration;
			buildSettings = {
				ALWAYS_EMBED_SWIFT_STANDARD_LIBRARIES = YES;
				CODE_SIGN_STYLE = Automatic;
				INFOPLIST_FILE = BookReaderUITests/Info.plist;
				LD_RUNPATH_SEARCH_PATHS = (
					"$(inherited)",
					"@executable_path/Frameworks",
					"@loader_path/Frameworks",
				);
				PRODUCT_BUNDLE_IDENTIFIER = com.lincl.BookReaderUITests;
				PRODUCT_NAME = "$(TARGET_NAME)";
				SWIFT_VERSION = 4.0;
				TARGETED_DEVICE_FAMILY = "1,2";
				TEST_TARGET_NAME = BookReader;
			};
			name = Release;
		};
/* End XCBuildConfiguration section */

/* Begin XCConfigurationList section */
		5976398420D9F2430085763A /* Build configuration list for PBXProject "BookReader" */ = {
			isa = XCConfigurationList;
			buildConfigurations = (
				597639AF20D9F2440085763A /* Debug */,
				597639B020D9F2440085763A /* Release */,
			);
			defaultConfigurationIsVisible = 0;
			defaultConfigurationName = Release;
		};
		597639B120D9F2440085763A /* Build configuration list for PBXNativeTarget "BookReader" */ = {
			isa = XCConfigurationList;
			buildConfigurations = (
				597639B220D9F2440085763A /* Debug */,
				597639B320D9F2440085763A /* Release */,
			);
			defaultConfigurationIsVisible = 0;
			defaultConfigurationName = Release;
		};
		597639B420D9F2440085763A /* Build configuration list for PBXNativeTarget "BookReaderTests" */ = {
			isa = XCConfigurationList;
			buildConfigurations = (
				597639B520D9F2440085763A /* Debug */,
				597639B620D9F2440085763A /* Release */,
			);
			defaultConfigurationIsVisible = 0;
			defaultConfigurationName = Release;
		};
		597639B720D9F2440085763A /* Build configuration list for PBXNativeTarget "BookReaderUITests" */ = {
			isa = XCConfigurationList;
			buildConfigurations = (
				597639B820D9F2440085763A /* Debug */,
				597639B920D9F2440085763A /* Release */,
			);
			defaultConfigurationIsVisible = 0;
			defaultConfigurationName = Release;
		};
/* End XCConfigurationList section */
	};
	rootObject = 5976398120D9F2430085763A /* Project object */;
}
